
Microsoft Visual Studio Solution File, Format Version 12.00
# Visual Studio Version 17
VisualStudioVersion = 17.0.31903.59
MinimumVisualStudioVersion = 10.0.40219.1
Project("{FAE04EC0-301F-11D3-BF4B-00C04F79EFBC}") = "DDD.Application", "DDD.Application\DDD.Application.csproj", "{943473B2-74F0-4502-9219-2D7641B29456}"
EndProject
Project("{FAE04EC0-301F-11D3-BF4B-00C04F79EFBC}") = "DDD.Core", "DDD.Core\DDD.Core.csproj", "{5B23C733-F49F-4117-84D7-610369D1ADCC}"
EndProject
Project("{FAE04EC0-301F-11D3-BF4B-00C04F79EFBC}") = "DDD.Infrastructure", "DDD.Infrastructure\DDD.Infrastructure.csproj", "{684DA918-0BF0-4FB1-99D4-AD3469EB310E}"
EndProject
Global
	GlobalSection(SolutionConfigurationPlatforms) = preSolution
		Debug|Any CPU = Debug|Any CPU
		Release|Any CPU = Release|Any CPU
	EndGlobalSection
	GlobalSection(SolutionProperties) = preSolution
		HideSolutionNode = FALSE
	EndGlobalSection
	GlobalSection(ProjectConfigurationPlatforms) = postSolution
		{943473B2-74F0-4502-9219-2D7641B29456}.Debug|Any CPU.ActiveCfg = Debug|Any CPU
		{943473B2-74F0-4502-9219-2D7641B29456}.Debug|Any CPU.Build.0 = Debug|Any CPU
		{943473B2-74F0-4502-9219-2D7641B29456}.Release|Any CPU.ActiveCfg = Release|Any CPU
		{943473B2-74F0-4502-9219-2D7641B29456}.Release|Any CPU.Build.0 = Release|Any CPU
		{5B23C733-F49F-4117-84D7-610369D1ADCC}.Debug|Any CPU.ActiveCfg = Debug|Any CPU
		{5B23C733-F49F-4117-84D7-610369D1ADCC}.Debug|Any CPU.Build.0 = Debug|Any CPU
		{5B23C733-F49F-4117-84D7-610369D1ADCC}.Release|Any CPU.ActiveCfg = Release|Any CPU
		{5B23C733-F49F-4117-84D7-610369D1ADCC}.Release|Any CPU.Build.0 = Release|Any CPU
		{684DA918-0BF0-4FB1-99D4-AD3469EB310E}.Debug|Any CPU.ActiveCfg = Debug|Any CPU
		{684DA918-0BF0-4FB1-99D4-AD3469EB310E}.Debug|Any CPU.Build.0 = Debug|Any CPU
		{684DA918-0BF0-4FB1-99D4-AD3469EB310E}.Release|Any CPU.ActiveCfg = Release|Any CPU
		{684DA918-0BF0-4FB1-99D4-AD3469EB310E}.Release|Any CPU.Build.0 = Release|Any CPU
	EndGlobalSection
EndGlobal
